
Microsoft Visual Studio Solution File, Format Version 12.00
# Visual Studio Version 17
VisualStudioVersion = 17.0.31903.59
MinimumVisualStudioVersion = 10.0.40219.1
Project("{2150E333-8FDC-42A3-9474-1A3956D46DE8}") = "src", "src", "{827E0CD3-B72D-47B6-A68D-7590B98EB39B}"
EndProject
Project("{2150E333-8FDC-42A3-9474-1A3956D46DE8}") = "ApiGateway", "ApiGateway", "{FCA01246-F2C6-0AA7-D43F-FD13BE0B9D88}"
EndProject
Project("{FAE04EC0-301F-11D3-BF4B-00C04F79EFBC}") = "InventorySaas.Gateway", "src\ApiGateway\InventorySaas.Gateway\InventorySaas.Gateway.csproj", "{2B3C862F-71A1-4293-B9F3-CAF42A4BC2B5}"
EndProject
Project("{2150E333-8FDC-42A3-9474-1A3956D46DE8}") = "Services", "Services", "{984BB9B3-3FA3-BE33-9484-CAC21695A33C}"
EndProject
Project("{2150E333-8FDC-42A3-9474-1A3956D46DE8}") = "Identity", "Identity", "{1BFC9479-12BF-35C3-06B8-42D89D95092B}"
EndProject
Project("{FAE04EC0-301F-11D3-BF4B-00C04F79EFBC}") = "Identity.Api", "src\Services\Identity\Identity.Api\Identity.Api.csproj", "{36301960-16FC-4AF7-B3CA-4D413961AEBF}"
EndProject
Project("{FAE04EC0-301F-11D3-BF4B-00C04F79EFBC}") = "Identity.Application", "src\Services\Identity\Identity.Application\Identity.Application.csproj", "{ED30DF5A-6DAD-467F-B258-93D4214DED1E}"
EndProject
Project("{FAE04EC0-301F-11D3-BF4B-00C04F79EFBC}") = "Identity.Domain", "src\Services\Identity\Identity.Domain\Identity.Domain.csproj", "{33F7BC6F-24AC-42B3-8252-032A04FFBF53}"
EndProject
Project("{FAE04EC0-301F-11D3-BF4B-00C04F79EFBC}") = "Identity.Infrastructure", "src\Services\Identity\Identity.Infrastructure\Identity.Infrastructure.csproj", "{D311A3D1-1E5B-4615-93E3-EF57F55E8167}"
EndProject
Project("{2150E333-8FDC-42A3-9474-1A3956D46DE8}") = "Inventory", "Inventory", "{CA15E31E-CB60-F235-5CDF-2E527A86A72C}"
EndProject
Project("{FAE04EC0-301F-11D3-BF4B-00C04F79EFBC}") = "Inventory.Api", "src\Services\Inventory\Inventory.Api\Inventory.Api.csproj", "{66174042-F7C6-4562-808D-0354B2566CBB}"
EndProject
Project("{FAE04EC0-301F-11D3-BF4B-00C04F79EFBC}") = "Inventory.Application", "src\Services\Inventory\Inventory.Application\Inventory.Application.csproj", "{5A1328CA-8EC2-4126-8B5E-BD4F23239F6D}"
EndProject
Project("{FAE04EC0-301F-11D3-BF4B-00C04F79EFBC}") = "Inventory.Domain", "src\Services\Inventory\Inventory.Domain\Inventory.Domain.csproj", "{530BB523-98ED-4FA5-BA86-B375FBFC683C}"
EndProject
Project("{FAE04EC0-301F-11D3-BF4B-00C04F79EFBC}") = "Inventory.Infrastructure", "src\Services\Inventory\Inventory.Infrastructure\Inventory.Infrastructure.csproj", "{D253A816-B161-4E2D-8339-3F1CBDADC3CE}"
EndProject
Project("{2150E333-8FDC-42A3-9474-1A3956D46DE8}") = "Suppliers", "Suppliers", "{3E6E6F63-23E6-A854-6E9D-46716871AD59}"
EndProject
Project("{FAE04EC0-301F-11D3-BF4B-00C04F79EFBC}") = "Suppliers.Api", "src\Services\Suppliers\Suppliers.Api\Suppliers.Api.csproj", "{E7868412-CC32-48B4-B381-95486AA68C83}"
EndProject
Project("{FAE04EC0-301F-11D3-BF4B-00C04F79EFBC}") = "Suppliers.Application", "src\Services\Suppliers\Suppliers.Application\Suppliers.Application.csproj", "{7F978F8A-CDAE-476A-BBC2-18E56FE7C885}"
EndProject
Project("{FAE04EC0-301F-11D3-BF4B-00C04F79EFBC}") = "Suppliers.Domain", "src\Services\Suppliers\Suppliers.Domain\Suppliers.Domain.csproj", "{5DE0C425-F1AF-4C31-BE25-F5F3C67BF58B}"
EndProject
Project("{FAE04EC0-301F-11D3-BF4B-00C04F79EFBC}") = "Suppliers.Infrastructure", "src\Services\Suppliers\Suppliers.Infrastructure\Suppliers.Infrastructure.csproj", "{E2F5679C-D468-4043-B810-6FC6750BB4CB}"
EndProject
Project("{2150E333-8FDC-42A3-9474-1A3956D46DE8}") = "Customers", "Customers", "{D2D93332-25A4-0543-C68E-D6580A3EEF57}"
EndProject
Project("{FAE04EC0-301F-11D3-BF4B-00C04F79EFBC}") = "Customers.Api", "src\Services\Customers\Customers.Api\Customers.Api.csproj", "{30321D37-EB98-49BF-813C-4245D36109AD}"
EndProject
Project("{FAE04EC0-301F-11D3-BF4B-00C04F79EFBC}") = "Customers.Application", "src\Services\Customers\Customers.Application\Customers.Application.csproj", "{AA348073-F9A1-4B9D-A25D-7882C28A94C2}"
EndProject
Project("{FAE04EC0-301F-11D3-BF4B-00C04F79EFBC}") = "Customers.Domain", "src\Services\Customers\Customers.Domain\Customers.Domain.csproj", "{652D682A-7EFE-4F47-BFEE-8D8A046BA8B8}"
EndProject
Project("{FAE04EC0-301F-11D3-BF4B-00C04F79EFBC}") = "Customers.Infrastructure", "src\Services\Customers\Customers.Infrastructure\Customers.Infrastructure.csproj", "{BCFF4457-3480-49AC-8A88-F97A0DE1B4F1}"
EndProject
Project("{2150E333-8FDC-42A3-9474-1A3956D46DE8}") = "Invoicing", "Invoicing", "{0FA57ADF-2B5C-5DC9-C6B3-EADF206C24CE}"
EndProject
Project("{FAE04EC0-301F-11D3-BF4B-00C04F79EFBC}") = "Invoicing.Api", "src\Services\Invoicing\Invoicing.Api\Invoicing.Api.csproj", "{3D480FA7-034E-4331-B3D8-7DB668B2DA5A}"
EndProject
Project("{FAE04EC0-301F-11D3-BF4B-00C04F79EFBC}") = "Invoicing.Application", "src\Services\Invoicing\Invoicing.Application\Invoicing.Application.csproj", "{4F421BCB-E465-48D7-8106-B9856166C14C}"
EndProject
Project("{FAE04EC0-301F-11D3-BF4B-00C04F79EFBC}") = "Invoicing.Domain", "src\Services\Invoicing\Invoicing.Domain\Invoicing.Domain.csproj", "{A142AD2D-C92D-4830-A5D0-DD25F906C6F9}"
EndProject
Project("{FAE04EC0-301F-11D3-BF4B-00C04F79EFBC}") = "Invoicing.Infrastructure", "src\Services\Invoicing\Invoicing.Infrastructure\Invoicing.Infrastructure.csproj", "{DE5EF8A5-B466-4E0D-95C3-096115427D14}"
EndProject
Project("{2150E333-8FDC-42A3-9474-1A3956D46DE8}") = "Analytics", "Analytics", "{BB77F832-879F-00F9-E108-00944EDB87D8}"
EndProject
Project("{FAE04EC0-301F-11D3-BF4B-00C04F79EFBC}") = "Analytics.Api", "src\Services\Analytics\Analytics.Api\Analytics.Api.csproj", "{4359106C-DDAE-4FAE-95C2-96C0B7CB16AD}"
EndProject
Project("{FAE04EC0-301F-11D3-BF4B-00C04F79EFBC}") = "Analytics.Application", "src\Services\Analytics\Analytics.Application\Analytics.Application.csproj", "{DF728F76-CE89-44F8-89AA-880514151C19}"
EndProject
Project("{FAE04EC0-301F-11D3-BF4B-00C04F79EFBC}") = "Analytics.Domain", "src\Services\Analytics\Analytics.Domain\Analytics.Domain.csproj", "{0B04A531-D058-42DB-842D-72A93EC5A9F3}"
EndProject
Project("{FAE04EC0-301F-11D3-BF4B-00C04F79EFBC}") = "Analytics.Infrastructure", "src\Services\Analytics\Analytics.Infrastructure\Analytics.Infrastructure.csproj", "{A6233530-2CFE-4A67-ABE1-0F60BE6AC907}"
EndProject
Project("{2150E333-8FDC-42A3-9474-1A3956D46DE8}") = "Notifications", "Notifications", "{40B59F69-022F-A9EE-E3B7-096C1E81294B}"
EndProject
Project("{FAE04EC0-301F-11D3-BF4B-00C04F79EFBC}") = "Notifications.Api", "src\Services\Notifications\Notifications.Api\Notifications.Api.csproj", "{BDE2BBCB-0044-4545-A102-24804622FDB4}"
EndProject
Project("{FAE04EC0-301F-11D3-BF4B-00C04F79EFBC}") = "Notifications.Application", "src\Services\Notifications\Notifications.Application\Notifications.Application.csproj", "{216CCADF-F58F-485F-8959-11816528315C}"
EndProject
Project("{FAE04EC0-301F-11D3-BF4B-00C04F79EFBC}") = "Notifications.Domain", "src\Services\Notifications\Notifications.Domain\Notifications.Domain.csproj", "{D44B0410-4DCA-4966-B147-73934B3A5B6B}"
EndProject
Project("{FAE04EC0-301F-11D3-BF4B-00C04F79EFBC}") = "Notifications.Infrastructure", "src\Services\Notifications\Notifications.Infrastructure\Notifications.Infrastructure.csproj", "{F609A3BB-AD36-453C-BE04-ED596D86DB7E}"
EndProject
Project("{2150E333-8FDC-42A3-9474-1A3956D46DE8}") = "Shared", "Shared", "{C8E42992-5E42-0C2B-DBFE-AA848D06431C}"
EndProject
Project("{FAE04EC0-301F-11D3-BF4B-00C04F79EFBC}") = "Shared.Kernel", "src\Shared\Shared.Kernel\Shared.Kernel.csproj", "{228BB281-BEDB-4D5F-A182-F3CB5CCC11F6}"
EndProject
Project("{FAE04EC0-301F-11D3-BF4B-00C04F79EFBC}") = "Shared.Messaging", "src\Shared\Shared.Messaging\Shared.Messaging.csproj", "{A419AAEA-440B-41B4-BB97-C0D23CD0A421}"
EndProject
Project("{FAE04EC0-301F-11D3-BF4B-00C04F79EFBC}") = "Shared.MultiTenancy", "src\Shared\Shared.MultiTenancy\Shared.MultiTenancy.csproj", "{F6D630A5-4E34-4AE6-A343-1978FF6D329E}"
EndProject
Project("{2150E333-8FDC-42A3-9474-1A3956D46DE8}") = "tests", "tests", "{0AB3BF05-4346-4AA6-1389-037BE0695223}"
EndProject
Project("{FAE04EC0-301F-11D3-BF4B-00C04F79EFBC}") = "Identity.Tests", "tests\Identity.Tests\Identity.Tests.csproj", "{C93BB309-CCE0-4D7D-B301-CC8C920A7EF7}"
EndProject
Project("{FAE04EC0-301F-11D3-BF4B-00C04F79EFBC}") = "Inventory.Tests", "tests\Inventory.Tests\Inventory.Tests.csproj", "{CB0F717D-B2BE-4C64-9501-C2E3AFC2AB04}"
EndProject
Project("{FAE04EC0-301F-11D3-BF4B-00C04F79EFBC}") = "Invoicing.Tests", "tests\Invoicing.Tests\Invoicing.Tests.csproj", "{CA97E2BB-0461-4E86-B58E-27FCDF9FC2D5}"
EndProject
Project("{FAE04EC0-301F-11D3-BF4B-00C04F79EFBC}") = "Integration.Tests", "tests\Integration.Tests\Integration.Tests.csproj", "{44E14A06-CE56-44CF-B90C-33B9FBEFC03D}"
EndProject
Global
	GlobalSection(SolutionConfigurationPlatforms) = preSolution
		Debug|Any CPU = Debug|Any CPU
		Debug|x64 = Debug|x64
		Debug|x86 = Debug|x86
		Release|Any CPU = Release|Any CPU
		Release|x64 = Release|x64
		Release|x86 = Release|x86
	EndGlobalSection
	GlobalSection(ProjectConfigurationPlatforms) = postSolution
		{2B3C862F-71A1-4293-B9F3-CAF42A4BC2B5}.Debug|Any CPU.ActiveCfg = Debug|Any CPU
		{2B3C862F-71A1-4293-B9F3-CAF42A4BC2B5}.Debug|Any CPU.Build.0 = Debug|Any CPU
		{2B3C862F-71A1-4293-B9F3-CAF42A4BC2B5}.Debug|x64.ActiveCfg = Debug|Any CPU
		{2B3C862F-71A1-4293-B9F3-CAF42A4BC2B5}.Debug|x64.Build.0 = Debug|Any CPU
		{2B3C862F-71A1-4293-B9F3-CAF42A4BC2B5}.Debug|x86.ActiveCfg = Debug|Any CPU
		{2B3C862F-71A1-4293-B9F3-CAF42A4BC2B5}.Debug|x86.Build.0 = Debug|Any CPU
		{2B3C862F-71A1-4293-B9F3-CAF42A4BC2B5}.Release|Any CPU.ActiveCfg = Release|Any CPU
		{2B3C862F-71A1-4293-B9F3-CAF42A4BC2B5}.Release|Any CPU.Build.0 = Release|Any CPU
		{2B3C862F-71A1-4293-B9F3-CAF42A4BC2B5}.Release|x64.ActiveCfg = Release|Any CPU
		{2B3C862F-71A1-4293-B9F3-CAF42A4BC2B5}.Release|x64.Build.0 = Release|Any CPU
		{2B3C862F-71A1-4293-B9F3-CAF42A4BC2B5}.Release|x86.ActiveCfg = Release|Any CPU
		{2B3C862F-71A1-4293-B9F3-CAF42A4BC2B5}.Release|x86.Build.0 = Release|Any CPU
		{36301960-16FC-4AF7-B3CA-4D413961AEBF}.Debug|Any CPU.ActiveCfg = Debug|Any CPU
		{36301960-16FC-4AF7-B3CA-4D413961AEBF}.Debug|Any CPU.Build.0 = Debug|Any CPU
		{36301960-16FC-4AF7-B3CA-4D413961AEBF}.Debug|x64.ActiveCfg = Debug|Any CPU
		{36301960-16FC-4AF7-B3CA-4D413961AEBF}.Debug|x64.Build.0 = Debug|Any CPU
		{36301960-16FC-4AF7-B3CA-4D413961AEBF}.Debug|x86.ActiveCfg = Debug|Any CPU
		{36301960-16FC-4AF7-B3CA-4D413961AEBF}.Debug|x86.Build.0 = Debug|Any CPU
		{36301960-16FC-4AF7-B3CA-4D413961AEBF}.Release|Any CPU.ActiveCfg = Release|Any CPU
		{36301960-16FC-4AF7-B3CA-4D413961AEBF}.Release|Any CPU.Build.0 = Release|Any CPU
		{36301960-16FC-4AF7-B3CA-4D413961AEBF}.Release|x64.ActiveCfg = Release|Any CPU
		{36301960-16FC-4AF7-B3CA-4D413961AEBF}.Release|x64.Build.0 = Release|Any CPU
		{36301960-16FC-4AF7-B3CA-4D413961AEBF}.Release|x86.ActiveCfg = Release|Any CPU
		{36301960-16FC-4AF7-B3CA-4D413961AEBF}.Release|x86.Build.0 = Release|Any CPU
		{ED30DF5A-6DAD-467F-B258-93D4214DED1E}.Debug|Any CPU.ActiveCfg = Debug|Any CPU
		{ED30DF5A-6DAD-467F-B258-93D4214DED1E}.Debug|Any CPU.Build.0 = Debug|Any CPU
		{ED30DF5A-6DAD-467F-B258-93D4214DED1E}.Debug|x64.ActiveCfg = Debug|Any CPU
		{ED30DF5A-6DAD-467F-B258-93D4214DED1E}.Debug|x64.Build.0 = Debug|Any CPU
		{ED30DF5A-6DAD-467F-B258-93D4214DED1E}.Debug|x86.ActiveCfg = Debug|Any CPU
		{ED30DF5A-6DAD-467F-B258-93D4214DED1E}.Debug|x86.Build.0 = Debug|Any CPU
		{ED30DF5A-6DAD-467F-B258-93D4214DED1E}.Release|Any CPU.ActiveCfg = Release|Any CPU
		{ED30DF5A-6DAD-467F-B258-93D4214DED1E}.Release|Any CPU.Build.0 = Release|Any CPU
		{ED30DF5A-6DAD-467F-B258-93D4214DED1E}.Release|x64.ActiveCfg = Release|Any CPU
		{ED30DF5A-6DAD-467F-B258-93D4214DED1E}.Release|x64.Build.0 = Release|Any CPU
		{ED30DF5A-6DAD-467F-B258-93D4214DED1E}.Release|x86.ActiveCfg = Release|Any CPU
		{ED30DF5A-6DAD-467F-B258-93D4214DED1E}.Release|x86.Build.0 = Release|Any CPU
		{33F7BC6F-24AC-42B3-8252-032A04FFBF53}.Debug|Any CPU.ActiveCfg = Debug|Any CPU
		{33F7BC6F-24AC-42B3-8252-032A04FFBF53}.Debug|Any CPU.Build.0 = Debug|Any CPU
		{33F7BC6F-24AC-42B3-8252-032A04FFBF53}.Debug|x64.ActiveCfg = Debug|Any CPU
		{33F7BC6F-24AC-42B3-8252-032A04FFBF53}.Debug|x64.Build.0 = Debug|Any CPU
		{33F7BC6F-24AC-42B3-8252-032A04FFBF53}.Debug|x86.ActiveCfg = Debug|Any CPU
		{33F7BC6F-24AC-42B3-8252-032A04FFBF53}.Debug|x86.Build.0 = Debug|Any CPU
		{33F7BC6F-24AC-42B3-8252-032A04FFBF53}.Release|Any CPU.ActiveCfg = Release|Any CPU
		{33F7BC6F-24AC-42B3-8252-032A04FFBF53}.Release|Any CPU.Build.0 = Release|Any CPU
		{33F7BC6F-24AC-42B3-8252-032A04FFBF53}.Release|x64.ActiveCfg = Release|Any CPU
		{33F7BC6F-24AC-42B3-8252-032A04FFBF53}.Release|x64.Build.0 = Release|Any CPU
		{33F7BC6F-24AC-42B3-8252-032A04FFBF53}.Release|x86.ActiveCfg = Release|Any CPU
		{33F7BC6F-24AC-42B3-8252-032A04FFBF53}.Release|x86.Build.0 = Release|Any CPU
		{D311A3D1-1E5B-4615-93E3-EF57F55E8167}.Debug|Any CPU.ActiveCfg = Debug|Any CPU
		{D311A3D1-1E5B-4615-93E3-EF57F55E8167}.Debug|Any CPU.Build.0 = Debug|Any CPU
		{D311A3D1-1E5B-4615-93E3-EF57F55E8167}.Debug|x64.ActiveCfg = Debug|Any CPU
		{D311A3D1-1E5B-4615-93E3-EF57F55E8167}.Debug|x64.Build.0 = Debug|Any CPU
		{D311A3D1-1E5B-4615-93E3-EF57F55E8167}.Debug|x86.ActiveCfg = Debug|Any CPU
		{D311A3D1-1E5B-4615-93E3-EF57F55E8167}.Debug|x86.Build.0 = Debug|Any CPU
		{D311A3D1-1E5B-4615-93E3-EF57F55E8167}.Release|Any CPU.ActiveCfg = Release|Any CPU
		{D311A3D1-1E5B-4615-93E3-EF57F55E8167}.Release|Any CPU.Build.0 = Release|Any CPU
		{D311A3D1-1E5B-4615-93E3-EF57F55E8167}.Release|x64.ActiveCfg = Release|Any CPU
		{D311A3D1-1E5B-4615-93E3-EF57F55E8167}.Release|x64.Build.0 = Release|Any CPU
		{D311A3D1-1E5B-4615-93E3-EF57F55E8167}.Release|x86.ActiveCfg = Release|Any CPU
		{D311A3D1-1E5B-4615-93E3-EF57F55E8167}.Release|x86.Build.0 = Release|Any CPU
		{66174042-F7C6-4562-808D-0354B2566CBB}.Debug|Any CPU.ActiveCfg = Debug|Any CPU
		{66174042-F7C6-4562-808D-0354B2566CBB}.Debug|Any CPU.Build.0 = Debug|Any CPU
		{66174042-F7C6-4562-808D-0354B2566CBB}.Debug|x64.ActiveCfg = Debug|Any CPU
		{66174042-F7C6-4562-808D-0354B2566CBB}.Debug|x64.Build.0 = Debug|Any CPU
		{66174042-F7C6-4562-808D-0354B2566CBB}.Debug|x86.ActiveCfg = Debug|Any CPU
		{66174042-F7C6-4562-808D-0354B2566CBB}.Debug|x86.Build.0 = Debug|Any CPU
		{66174042-F7C6-4562-808D-0354B2566CBB}.Release|Any CPU.ActiveCfg = Release|Any CPU
		{66174042-F7C6-4562-808D-0354B2566CBB}.Release|Any CPU.Build.0 = Release|Any CPU
		{66174042-F7C6-4562-808D-0354B2566CBB}.Release|x64.ActiveCfg = Release|Any CPU
		{66174042-F7C6-4562-808D-0354B2566CBB}.Release|x64.Build.0 = Release|Any CPU
		{66174042-F7C6-4562-808D-0354B2566CBB}.Release|x86.ActiveCfg = Release|Any CPU
		{66174042-F7C6-4562-808D-0354B2566CBB}.Release|x86.Build.0 = Release|Any CPU
		{5A1328CA-8EC2-4126-8B5E-BD4F23239F6D}.Debug|Any CPU.ActiveCfg = Debug|Any CPU
		{5A1328CA-8EC2-4126-8B5E-BD4F23239F6D}.Debug|Any CPU.Build.0 = Debug|Any CPU
		{5A1328CA-8EC2-4126-8B5E-BD4F23239F6D}.Debug|x64.ActiveCfg = Debug|Any CPU
		{5A1328CA-8EC2-4126-8B5E-BD4F23239F6D}.Debug|x64.Build.0 = Debug|Any CPU
		{5A1328CA-8EC2-4126-8B5E-BD4F23239F6D}.Debug|x86.ActiveCfg = Debug|Any CPU
		{5A1328CA-8EC2-4126-8B5E-BD4F23239F6D}.Debug|x86.Build.0 = Debug|Any CPU
		{5A1328CA-8EC2-4126-8B5E-BD4F23239F6D}.Release|Any CPU.ActiveCfg = Release|Any CPU
		{5A1328CA-8EC2-4126-8B5E-BD4F23239F6D}.Release|Any CPU.Build.0 = Release|Any CPU
		{5A1328CA-8EC2-4126-8B5E-BD4F23239F6D}.Release|x64.ActiveCfg = Release|Any CPU
		{5A1328CA-8EC2-4126-8B5E-BD4F23239F6D}.Release|x64.Build.0 = Release|Any CPU
		{5A1328CA-8EC2-4126-8B5E-BD4F23239F6D}.Release|x86.ActiveCfg = Release|Any CPU
		{5A1328CA-8EC2-4126-8B5E-BD4F23239F6D}.Release|x86.Build.0 = Release|Any CPU
		{530BB523-98ED-4FA5-BA86-B375FBFC683C}.Debug|Any CPU.ActiveCfg = Debug|Any CPU
		{530BB523-98ED-4FA5-BA86-B375FBFC683C}.Debug|Any CPU.Build.0 = Debug|Any CPU
		{530BB523-98ED-4FA5-BA86-B375FBFC683C}.Debug|x64.ActiveCfg = Debug|Any CPU
		{530BB523-98ED-4FA5-BA86-B375FBFC683C}.Debug|x64.Build.0 = Debug|Any CPU
		{530BB523-98ED-4FA5-BA86-B375FBFC683C}.Debug|x86.ActiveCfg = Debug|Any CPU
		{530BB523-98ED-4FA5-BA86-B375FBFC683C}.Debug|x86.Build.0 = Debug|Any CPU
		{530BB523-98ED-4FA5-BA86-B375FBFC683C}.Release|Any CPU.ActiveCfg = Release|Any CPU
		{530BB523-98ED-4FA5-BA86-B375FBFC683C}.Release|Any CPU.Build.0 = Release|Any CPU
		{530BB523-98ED-4FA5-BA86-B375FBFC683C}.Release|x64.ActiveCfg = Release|Any CPU
		{530BB523-98ED-4FA5-BA86-B375FBFC683C}.Release|x64.Build.0 = Release|Any CPU
		{530BB523-98ED-4FA5-BA86-B375FBFC683C}.Release|x86.ActiveCfg = Release|Any CPU
		{530BB523-98ED-4FA5-BA86-B375FBFC683C}.Release|x86.Build.0 = Release|Any CPU
		{D253A816-B161-4E2D-8339-3F1CBDADC3CE}.Debug|Any CPU.ActiveCfg = Debug|Any CPU
		{D253A816-B161-4E2D-8339-3F1CBDADC3CE}.Debug|Any CPU.Build.0 = Debug|Any CPU
		{D253A816-B161-4E2D-8339-3F1CBDADC3CE}.Debug|x64.ActiveCfg = Debug|Any CPU
		{D253A816-B161-4E2D-8339-3F1CBDADC3CE}.Debug|x64.Build.0 = Debug|Any CPU
		{D253A816-B161-4E2D-8339-3F1CBDADC3CE}.Debug|x86.ActiveCfg = Debug|Any CPU
		{D253A816-B161-4E2D-8339-3F1CBDADC3CE}.Debug|x86.Build.0 = Debug|Any CPU
		{D253A816-B161-4E2D-8339-3F1CBDADC3CE}.Release|Any CPU.ActiveCfg = Release|Any CPU
		{D253A816-B161-4E2D-8339-3F1CBDADC3CE}.Release|Any CPU.Build.0 = Release|Any CPU
		{D253A816-B161-4E2D-8339-3F1CBDADC3CE}.Release|x64.ActiveCfg = Release|Any CPU
		{D253A816-B161-4E2D-8339-3F1CBDADC3CE}.Release|x64.Build.0 = Release|Any CPU
		{D253A816-B161-4E2D-8339-3F1CBDADC3CE}.Release|x86.ActiveCfg = Release|Any CPU
		{D253A816-B161-4E2D-8339-3F1CBDADC3CE}.Release|x86.Build.0 = Release|Any CPU
		{E7868412-CC32-48B4-B381-95486AA68C83}.Debug|Any CPU.ActiveCfg = Debug|Any CPU
		{E7868412-CC32-48B4-B381-95486AA68C83}.Debug|Any CPU.Build.0 = Debug|Any CPU
		{E7868412-CC32-48B4-B381-95486AA68C83}.Debug|x64.ActiveCfg = Debug|Any CPU
		{E7868412-CC32-48B4-B381-95486AA68C83}.Debug|x64.Build.0 = Debug|Any CPU
		{E7868412-CC32-48B4-B381-95486AA68C83}.Debug|x86.ActiveCfg = Debug|Any CPU
		{E7868412-CC32-48B4-B381-95486AA68C83}.Debug|x86.Build.0 = Debug|Any CPU
		{E7868412-CC32-48B4-B381-95486AA68C83}.Release|Any CPU.ActiveCfg = Release|Any CPU
		{E7868412-CC32-48B4-B381-95486AA68C83}.Release|Any CPU.Build.0 = Release|Any CPU
		{E7868412-CC32-48B4-B381-95486AA68C83}.Release|x64.ActiveCfg = Release|Any CPU
		{E7868412-CC32-48B4-B381-95486AA68C83}.Release|x64.Build.0 = Release|Any CPU
		{E7868412-CC32-48B4-B381-95486AA68C83}.Release|x86.ActiveCfg = Release|Any CPU
		{E7868412-CC32-48B4-B381-95486AA68C83}.Release|x86.Build.0 = Release|Any CPU
		{7F978F8A-CDAE-476A-BBC2-18E56FE7C885}.Debug|Any CPU.ActiveCfg = Debug|Any CPU
		{7F978F8A-CDAE-476A-BBC2-18E56FE7C885}.Debug|Any CPU.Build.0 = Debug|Any CPU
		{7F978F8A-CDAE-476A-BBC2-18E56FE7C885}.Debug|x64.ActiveCfg = Debug|Any CPU
		{7F978F8A-CDAE-476A-BBC2-18E56FE7C885}.Debug|x64.Build.0 = Debug|Any CPU
		{7F978F8A-CDAE-476A-BBC2-18E56FE7C885}.Debug|x86.ActiveCfg = Debug|Any CPU
		{7F978F8A-CDAE-476A-BBC2-18E56FE7C885}.Debug|x86.Build.0 = Debug|Any CPU
		{7F978F8A-CDAE-476A-BBC2-18E56FE7C885}.Release|Any CPU.ActiveCfg = Release|Any CPU
		{7F978F8A-CDAE-476A-BBC2-18E56FE7C885}.Release|Any CPU.Build.0 = Release|Any CPU
		{7F978F8A-CDAE-476A-BBC2-18E56FE7C885}.Release|x64.ActiveCfg = Release|Any CPU
		{7F978F8A-CDAE-476A-BBC2-18E56FE7C885}.Release|x64.Build.0 = Release|Any CPU
		{7F978F8A-CDAE-476A-BBC2-18E56FE7C885}.Release|x86.ActiveCfg = Release|Any CPU
		{7F978F8A-CDAE-476A-BBC2-18E56FE7C885}.Release|x86.Build.0 = Release|Any CPU
		{5DE0C425-F1AF-4C31-BE25-F5F3C67BF58B}.Debug|Any CPU.ActiveCfg = Debug|Any CPU
		{5DE0C425-F1AF-4C31-BE25-F5F3C67BF58B}.Debug|Any CPU.Build.0 = Debug|Any CPU
		{5DE0C425-F1AF-4C31-BE25-F5F3C67BF58B}.Debug|x64.ActiveCfg = Debug|Any CPU
		{5DE0C425-F1AF-4C31-BE25-F5F3C67BF58B}.Debug|x64.Build.0 = Debug|Any CPU
		{5DE0C425-F1AF-4C31-BE25-F5F3C67BF58B}.Debug|x86.ActiveCfg = Debug|Any CPU
		{5DE0C425-F1AF-4C31-BE25-F5F3C67BF58B}.Debug|x86.Build.0 = Debug|Any CPU
		{5DE0C425-F1AF-4C31-BE25-F5F3C67BF58B}.Release|Any CPU.ActiveCfg = Release|Any CPU
		{5DE0C425-F1AF-4C31-BE25-F5F3C67BF58B}.Release|Any CPU.Build.0 = Release|Any CPU
		{5DE0C425-F1AF-4C31-BE25-F5F3C67BF58B}.Release|x64.ActiveCfg = Release|Any CPU
		{5DE0C425-F1AF-4C31-BE25-F5F3C67BF58B}.Release|x64.Build.0 = Release|Any CPU
		{5DE0C425-F1AF-4C31-BE25-F5F3C67BF58B}.Release|x86.ActiveCfg = Release|Any CPU
		{5DE0C425-F1AF-4C31-BE25-F5F3C67BF58B}.Release|x86.Build.0 = Release|Any CPU
		{E2F5679C-D468-4043-B810-6FC6750BB4CB}.Debug|Any CPU.ActiveCfg = Debug|Any CPU
		{E2F5679C-D468-4043-B810-6FC6750BB4CB}.Debug|Any CPU.Build.0 = Debug|Any CPU
		{E2F5679C-D468-4043-B810-6FC6750BB4CB}.Debug|x64.ActiveCfg = Debug|Any CPU
		{E2F5679C-D468-4043-B810-6FC6750BB4CB}.Debug|x64.Build.0 = Debug|Any CPU
		{E2F5679C-D468-4043-B810-6FC6750BB4CB}.Debug|x86.ActiveCfg = Debug|Any CPU
		{E2F5679C-D468-4043-B810-6FC6750BB4CB}.Debug|x86.Build.0 = Debug|Any CPU
		{E2F5679C-D468-4043-B810-6FC6750BB4CB}.Release|Any CPU.ActiveCfg = Release|Any CPU
		{E2F5679C-D468-4043-B810-6FC6750BB4CB}.Release|Any CPU.Build.0 = Release|Any CPU
		{E2F5679C-D468-4043-B810-6FC6750BB4CB}.Release|x64.ActiveCfg = Release|Any CPU
		{E2F5679C-D468-4043-B810-6FC6750BB4CB}.Release|x64.Build.0 = Release|Any CPU
		{E2F5679C-D468-4043-B810-6FC6750BB4CB}.Release|x86.ActiveCfg = Release|Any CPU
		{E2F5679C-D468-4043-B810-6FC6750BB4CB}.Release|x86.Build.0 = Release|Any CPU
		{30321D37-EB98-49BF-813C-4245D36109AD}.Debug|Any CPU.ActiveCfg = Debug|Any CPU
		{30321D37-EB98-49BF-813C-4245D36109AD}.Debug|Any CPU.Build.0 = Debug|Any CPU
		{30321D37-EB98-49BF-813C-4245D36109AD}.Debug|x64.ActiveCfg = Debug|Any CPU
		{30321D37-EB98-49BF-813C-4245D36109AD}.Debug|x64.Build.0 = Debug|Any CPU
		{30321D37-EB98-49BF-813C-4245D36109AD}.Debug|x86.ActiveCfg = Debug|Any CPU
		{30321D37-EB98-49BF-813C-4245D36109AD}.Debug|x86.Build.0 = Debug|Any CPU
		{30321D37-EB98-49BF-813C-4245D36109AD}.Release|Any CPU.ActiveCfg = Release|Any CPU
		{30321D37-EB98-49BF-813C-4245D36109AD}.Release|Any CPU.Build.0 = Release|Any CPU
		{30321D37-EB98-49BF-813C-4245D36109AD}.Release|x64.ActiveCfg = Release|Any CPU
		{30321D37-EB98-49BF-813C-4245D36109AD}.Release|x64.Build.0 = Release|Any CPU
		{30321D37-EB98-49BF-813C-4245D36109AD}.Release|x86.ActiveCfg = Release|Any CPU
		{30321D37-EB98-49BF-813C-4245D36109AD}.Release|x86.Build.0 = Release|Any CPU
		{AA348073-F9A1-4B9D-A25D-7882C28A94C2}.Debug|Any CPU.ActiveCfg = Debug|Any CPU
		{AA348073-F9A1-4B9D-A25D-7882C28A94C2}.Debug|Any CPU.Build.0 = Debug|Any CPU
		{AA348073-F9A1-4B9D-A25D-7882C28A94C2}.Debug|x64.ActiveCfg = Debug|Any CPU
		{AA348073-F9A1-4B9D-A25D-7882C28A94C2}.Debug|x64.Build.0 = Debug|Any CPU
		{AA348073-F9A1-4B9D-A25D-7882C28A94C2}.Debug|x86.ActiveCfg = Debug|Any CPU
		{AA348073-F9A1-4B9D-A25D-7882C28A94C2}.Debug|x86.Build.0 = Debug|Any CPU
		{AA348073-F9A1-4B9D-A25D-7882C28A94C2}.Release|Any CPU.ActiveCfg = Release|Any CPU
		{AA348073-F9A1-4B9D-A25D-7882C28A94C2}.Release|Any CPU.Build.0 = Release|Any CPU
		{AA348073-F9A1-4B9D-A25D-7882C28A94C2}.Release|x64.ActiveCfg = Release|Any CPU
		{AA348073-F9A1-4B9D-A25D-7882C28A94C2}.Release|x64.Build.0 = Release|Any CPU
		{AA348073-F9A1-4B9D-A25D-7882C28A94C2}.Release|x86.ActiveCfg = Release|Any CPU
		{AA348073-F9A1-4B9D-A25D-7882C28A94C2}.Release|x86.Build.0 = Release|Any CPU
		{652D682A-7EFE-4F47-BFEE-8D8A046BA8B8}.Debug|Any CPU.ActiveCfg = Debug|Any CPU
		{652D682A-7EFE-4F47-BFEE-8D8A046BA8B8}.Debug|Any CPU.Build.0 = Debug|Any CPU
		{652D682A-7EFE-4F47-BFEE-8D8A046BA8B8}.Debug|x64.ActiveCfg = Debug|Any CPU
		{652D682A-7EFE-4F47-BFEE-8D8A046BA8B8}.Debug|x64.Build.0 = Debug|Any CPU
		{652D682A-7EFE-4F47-BFEE-8D8A046BA8B8}.Debug|x86.ActiveCfg = Debug|Any CPU
		{652D682A-7EFE-4F47-BFEE-8D8A046BA8B8}.Debug|x86.Build.0 = Debug|Any CPU
		{652D682A-7EFE-4F47-BFEE-8D8A046BA8B8}.Release|Any CPU.ActiveCfg = Release|Any CPU
		{652D682A-7EFE-4F47-BFEE-8D8A046BA8B8}.Release|Any CPU.Build.0 = Release|Any CPU
		{652D682A-7EFE-4F47-BFEE-8D8A046BA8B8}.Release|x64.ActiveCfg = Release|Any CPU
		{652D682A-7EFE-4F47-BFEE-8D8A046BA8B8}.Release|x64.Build.0 = Release|Any CPU
		{652D682A-7EFE-4F47-BFEE-8D8A046BA8B8}.Release|x86.ActiveCfg = Release|Any CPU
		{652D682A-7EFE-4F47-BFEE-8D8A046BA8B8}.Release|x86.Build.0 = Release|Any CPU
		{BCFF4457-3480-49AC-8A88-F97A0DE1B4F1}.Debug|Any CPU.ActiveCfg = Debug|Any CPU
		{BCFF4457-3480-49AC-8A88-F97A0DE1B4F1}.Debug|Any CPU.Build.0 = Debug|Any CPU
		{BCFF4457-3480-49AC-8A88-F97A0DE1B4F1}.Debug|x64.ActiveCfg = Debug|Any CPU
		{BCFF4457-3480-49AC-8A88-F97A0DE1B4F1}.Debug|x64.Build.0 = Debug|Any CPU
		{BCFF4457-3480-49AC-8A88-F97A0DE1B4F1}.Debug|x86.ActiveCfg = Debug|Any CPU
		{BCFF4457-3480-49AC-8A88-F97A0DE1B4F1}.Debug|x86.Build.0 = Debug|Any CPU
		{BCFF4457-3480-49AC-8A88-F97A0DE1B4F1}.Release|Any CPU.ActiveCfg = Release|Any CPU
		{BCFF4457-3480-49AC-8A88-F97A0DE1B4F1}.Release|Any CPU.Build.0 = Release|Any CPU
		{BCFF4457-3480-49AC-8A88-F97A0DE1B4F1}.Release|x64.ActiveCfg = Release|Any CPU
		{BCFF4457-3480-49AC-8A88-F97A0DE1B4F1}.Release|x64.Build.0 = Release|Any CPU
		{BCFF4457-3480-49AC-8A88-F97A0DE1B4F1}.Release|x86.ActiveCfg = Release|Any CPU
		{BCFF4457-3480-49AC-8A88-F97A0DE1B4F1}.Release|x86.Build.0 = Release|Any CPU
		{3D480FA7-034E-4331-B3D8-7DB668B2DA5A}.Debug|Any CPU.ActiveCfg = Debug|Any CPU
		{3D480FA7-034E-4331-B3D8-7DB668B2DA5A}.Debug|Any CPU.Build.0 = Debug|Any CPU
		{3D480FA7-034E-4331-B3D8-7DB668B2DA5A}.Debug|x64.ActiveCfg = Debug|Any CPU
		{3D480FA7-034E-4331-B3D8-7DB668B2DA5A}.Debug|x64.Build.0 = Debug|Any CPU
		{3D480FA7-034E-4331-B3D8-7DB668B2DA5A}.Debug|x86.ActiveCfg = Debug|Any CPU
		{3D480FA7-034E-4331-B3D8-7DB668B2DA5A}.Debug|x86.Build.0 = Debug|Any CPU
		{3D480FA7-034E-4331-B3D8-7DB668B2DA5A}.Release|Any CPU.ActiveCfg = Release|Any CPU
		{3D480FA7-034E-4331-B3D8-7DB668B2DA5A}.Release|Any CPU.Build.0 = Release|Any CPU
		{3D480FA7-034E-4331-B3D8-7DB668B2DA5A}.Release|x64.ActiveCfg = Release|Any CPU
		{3D480FA7-034E-4331-B3D8-7DB668B2DA5A}.Release|x64.Build.0 = Release|Any CPU
		{3D480FA7-034E-4331-B3D8-7DB668B2DA5A}.Release|x86.ActiveCfg = Release|Any CPU
		{3D480FA7-034E-4331-B3D8-7DB668B2DA5A}.Release|x86.Build.0 = Release|Any CPU
		{4F421BCB-E465-48D7-8106-B9856166C14C}.Debug|Any CPU.ActiveCfg = Debug|Any CPU
		{4F421BCB-E465-48D7-8106-B9856166C14C}.Debug|Any CPU.Build.0 = Debug|Any CPU
		{4F421BCB-E465-48D7-8106-B9856166C14C}.Debug|x64.ActiveCfg = Debug|Any CPU
		{4F421BCB-E465-48D7-8106-B9856166C14C}.Debug|x64.Build.0 = Debug|Any CPU
		{4F421BCB-E465-48D7-8106-B9856166C14C}.Debug|x86.ActiveCfg = Debug|Any CPU
		{4F421BCB-E465-48D7-8106-B9856166C14C}.Debug|x86.Build.0 = Debug|Any CPU
		{4F421BCB-E465-48D7-8106-B9856166C14C}.Release|Any CPU.ActiveCfg = Release|Any CPU
		{4F421BCB-E465-48D7-8106-B9856166C14C}.Release|Any CPU.Build.0 = Release|Any CPU
		{4F421BCB-E465-48D7-8106-B9856166C14C}.Release|x64.ActiveCfg = Release|Any CPU
		{4F421BCB-E465-48D7-8106-B9856166C14C}.Release|x64.Build.0 = Release|Any CPU
		{4F421BCB-E465-48D7-8106-B9856166C14C}.Release|x86.ActiveCfg = Release|Any CPU
		{4F421BCB-E465-48D7-8106-B9856166C14C}.Release|x86.Build.0 = Release|Any CPU
		{A142AD2D-C92D-4830-A5D0-DD25F906C6F9}.Debug|Any CPU.ActiveCfg = Debug|Any CPU
		{A142AD2D-C92D-4830-A5D0-DD25F906C6F9}.Debug|Any CPU.Build.0 = Debug|Any CPU
		{A142AD2D-C92D-4830-A5D0-DD25F906C6F9}.Debug|x64.ActiveCfg = Debug|Any CPU
		{A142AD2D-C92D-4830-A5D0-DD25F906C6F9}.Debug|x64.Build.0 = Debug|Any CPU
		{A142AD2D-C92D-4830-A5D0-DD25F906C6F9}.Debug|x86.ActiveCfg = Debug|Any CPU
		{A142AD2D-C92D-4830-A5D0-DD25F906C6F9}.Debug|x86.Build.0 = Debug|Any CPU
		{A142AD2D-C92D-4830-A5D0-DD25F906C6F9}.Release|Any CPU.ActiveCfg = Release|Any CPU
		{A142AD2D-C92D-4830-A5D0-DD25F906C6F9}.Release|Any CPU.Build.0 = Release|Any CPU
		{A142AD2D-C92D-4830-A5D0-DD25F906C6F9}.Release|x64.ActiveCfg = Release|Any CPU
		{A142AD2D-C92D-4830-A5D0-DD25F906C6F9}.Release|x64.Build.0 = Release|Any CPU
		{A142AD2D-C92D-4830-A5D0-DD25F906C6F9}.Release|x86.ActiveCfg = Release|Any CPU
		{A142AD2D-C92D-4830-A5D0-DD25F906C6F9}.Release|x86.Build.0 = Release|Any CPU
		{DE5EF8A5-B466-4E0D-95C3-096115427D14}.Debug|Any CPU.ActiveCfg = Debug|Any CPU
		{DE5EF8A5-B466-4E0D-95C3-096115427D14}.Debug|Any CPU.Build.0 = Debug|Any CPU
		{DE5EF8A5-B466-4E0D-95C3-096115427D14}.Debug|x64.ActiveCfg = Debug|Any CPU
		{DE5EF8A5-B466-4E0D-95C3-096115427D14}.Debug|x64.Build.0 = Debug|Any CPU
		{DE5EF8A5-B466-4E0D-95C3-096115427D14}.Debug|x86.ActiveCfg = Debug|Any CPU
		{DE5EF8A5-B466-4E0D-95C3-096115427D14}.Debug|x86.Build.0 = Debug|Any CPU
		{DE5EF8A5-B466-4E0D-95C3-096115427D14}.Release|Any CPU.ActiveCfg = Release|Any CPU
		{DE5EF8A5-B466-4E0D-95C3-096115427D14}.Release|Any CPU.Build.0 = Release|Any CPU
		{DE5EF8A5-B466-4E0D-95C3-096115427D14}.Release|x64.ActiveCfg = Release|Any CPU
		{DE5EF8A5-B466-4E0D-95C3-096115427D14}.Release|x64.Build.0 = Release|Any CPU
		{DE5EF8A5-B466-4E0D-95C3-096115427D14}.Release|x86.ActiveCfg = Release|Any CPU
		{DE5EF8A5-B466-4E0D-95C3-096115427D14}.Release|x86.Build.0 = Release|Any CPU
		{4359106C-DDAE-4FAE-95C2-96C0B7CB16AD}.Debug|Any CPU.ActiveCfg = Debug|Any CPU
		{4359106C-DDAE-4FAE-95C2-96C0B7CB16AD}.Debug|Any CPU.Build.0 = Debug|Any CPU
		{4359106C-DDAE-4FAE-95C2-96C0B7CB16AD}.Debug|x64.ActiveCfg = Debug|Any CPU
		{4359106C-DDAE-4FAE-95C2-96C0B7CB16AD}.Debug|x64.Build.0 = Debug|Any CPU
		{4359106C-DDAE-4FAE-95C2-96C0B7CB16AD}.Debug|x86.ActiveCfg = Debug|Any CPU
		{4359106C-DDAE-4FAE-95C2-96C0B7CB16AD}.Debug|x86.Build.0 = Debug|Any CPU
		{4359106C-DDAE-4FAE-95C2-96C0B7CB16AD}.Release|Any CPU.ActiveCfg = Release|Any CPU
		{4359106C-DDAE-4FAE-95C2-96C0B7CB16AD}.Release|Any CPU.Build.0 = Release|Any CPU
		{4359106C-DDAE-4FAE-95C2-96C0B7CB16AD}.Release|x64.ActiveCfg = Release|Any CPU
		{4359106C-DDAE-4FAE-95C2-96C0B7CB16AD}.Release|x64.Build.0 = Release|Any CPU
		{4359106C-DDAE-4FAE-95C2-96C0B7CB16AD}.Release|x86.ActiveCfg = Release|Any CPU
		{4359106C-DDAE-4FAE-95C2-96C0B7CB16AD}.Release|x86.Build.0 = Release|Any CPU
		{DF728F76-CE89-44F8-89AA-880514151C19}.Debug|Any CPU.ActiveCfg = Debug|Any CPU
		{DF728F76-CE89-44F8-89AA-880514151C19}.Debug|Any CPU.Build.0 = Debug|Any CPU
		{DF728F76-CE89-44F8-89AA-880514151C19}.Debug|x64.ActiveCfg = Debug|Any CPU
		{DF728F76-CE89-44F8-89AA-880514151C19}.Debug|x64.Build.0 = Debug|Any CPU
		{DF728F76-CE89-44F8-89AA-880514151C19}.Debug|x86.ActiveCfg = Debug|Any CPU
		{DF728F76-CE89-44F8-89AA-880514151C19}.Debug|x86.Build.0 = Debug|Any CPU
		{DF728F76-CE89-44F8-89AA-880514151C19}.Release|Any CPU.ActiveCfg = Release|Any CPU
		{DF728F76-CE89-44F8-89AA-880514151C19}.Release|Any CPU.Build.0 = Release|Any CPU
		{DF728F76-CE89-44F8-89AA-880514151C19}.Release|x64.ActiveCfg = Release|Any CPU
		{DF728F76-CE89-44F8-89AA-880514151C19}.Release|x64.Build.0 = Release|Any CPU
		{DF728F76-CE89-44F8-89AA-880514151C19}.Release|x86.ActiveCfg = Release|Any CPU
		{DF728F76-CE89-44F8-89AA-880514151C19}.Release|x86.Build.0 = Release|Any CPU
		{0B04A531-D058-42DB-842D-72A93EC5A9F3}.Debug|Any CPU.ActiveCfg = Debug|Any CPU
		{0B04A531-D058-42DB-842D-72A93EC5A9F3}.Debug|Any CPU.Build.0 = Debug|Any CPU
		{0B04A531-D058-42DB-842D-72A93EC5A9F3}.Debug|x64.ActiveCfg = Debug|Any CPU
		{0B04A531-D058-42DB-842D-72A93EC5A9F3}.Debug|x64.Build.0 = Debug|Any CPU
		{0B04A531-D058-42DB-842D-72A93EC5A9F3}.Debug|x86.ActiveCfg = Debug|Any CPU
		{0B04A531-D058-42DB-842D-72A93EC5A9F3}.Debug|x86.Build.0 = Debug|Any CPU
		{0B04A531-D058-42DB-842D-72A93EC5A9F3}.Release|Any CPU.ActiveCfg = Release|Any CPU
		{0B04A531-D058-42DB-842D-72A93EC5A9F3}.Release|Any CPU.Build.0 = Release|Any CPU
		{0B04A531-D058-42DB-842D-72A93EC5A9F3}.Release|x64.ActiveCfg = Release|Any CPU
		{0B04A531-D058-42DB-842D-72A93EC5A9F3}.Release|x64.Build.0 = Release|Any CPU
		{0B04A531-D058-42DB-842D-72A93EC5A9F3}.Release|x86.ActiveCfg = Release|Any CPU
		{0B04A531-D058-42DB-842D-72A93EC5A9F3}.Release|x86.Build.0 = Release|Any CPU
		{A6233530-2CFE-4A67-ABE1-0F60BE6AC907}.Debug|Any CPU.ActiveCfg = Debug|Any CPU
		{A6233530-2CFE-4A67-ABE1-0F60BE6AC907}.Debug|Any CPU.Build.0 = Debug|Any CPU
		{A6233530-2CFE-4A67-ABE1-0F60BE6AC907}.Debug|x64.ActiveCfg = Debug|Any CPU
		{A6233530-2CFE-4A67-ABE1-0F60BE6AC907}.Debug|x64.Build.0 = Debug|Any CPU
		{A6233530-2CFE-4A67-ABE1-0F60BE6AC907}.Debug|x86.ActiveCfg = Debug|Any CPU
		{A6233530-2CFE-4A67-ABE1-0F60BE6AC907}.Debug|x86.Build.0 = Debug|Any CPU
		{A6233530-2CFE-4A67-ABE1-0F60BE6AC907}.Release|Any CPU.ActiveCfg = Release|Any CPU
		{A6233530-2CFE-4A67-ABE1-0F60BE6AC907}.Release|Any CPU.Build.0 = Release|Any CPU
		{A6233530-2CFE-4A67-ABE1-0F60BE6AC907}.Release|x64.ActiveCfg = Release|Any CPU
		{A6233530-2CFE-4A67-ABE1-0F60BE6AC907}.Release|x64.Build.0 = Release|Any CPU
		{A6233530-2CFE-4A67-ABE1-0F60BE6AC907}.Release|x86.ActiveCfg = Release|Any CPU
		{A6233530-2CFE-4A67-ABE1-0F60BE6AC907}.Release|x86.Build.0 = Release|Any CPU
		{BDE2BBCB-0044-4545-A102-24804622FDB4}.Debug|Any CPU.ActiveCfg = Debug|Any CPU
		{BDE2BBCB-0044-4545-A102-24804622FDB4}.Debug|Any CPU.Build.0 = Debug|Any CPU
		{BDE2BBCB-0044-4545-A102-24804622FDB4}.Debug|x64.ActiveCfg = Debug|Any CPU
		{BDE2BBCB-0044-4545-A102-24804622FDB4}.Debug|x64.Build.0 = Debug|Any CPU
		{BDE2BBCB-0044-4545-A102-24804622FDB4}.Debug|x86.ActiveCfg = Debug|Any CPU
		{BDE2BBCB-0044-4545-A102-24804622FDB4}.Debug|x86.Build.0 = Debug|Any CPU
		{BDE2BBCB-0044-4545-A102-24804622FDB4}.Release|Any CPU.ActiveCfg = Release|Any CPU
		{BDE2BBCB-0044-4545-A102-24804622FDB4}.Release|Any CPU.Build.0 = Release|Any CPU
		{BDE2BBCB-0044-4545-A102-24804622FDB4}.Release|x64.ActiveCfg = Release|Any CPU
		{BDE2BBCB-0044-4545-A102-24804622FDB4}.Release|x64.Build.0 = Release|Any CPU
		{BDE2BBCB-0044-4545-A102-24804622FDB4}.Release|x86.ActiveCfg = Release|Any CPU
		{BDE2BBCB-0044-4545-A102-24804622FDB4}.Release|x86.Build.0 = Release|Any CPU
		{216CCADF-F58F-485F-8959-11816528315C}.Debug|Any CPU.ActiveCfg = Debug|Any CPU
		{216CCADF-F58F-485F-8959-11816528315C}.Debug|Any CPU.Build.0 = Debug|Any CPU
		{216CCADF-F58F-485F-8959-11816528315C}.Debug|x64.ActiveCfg = Debug|Any CPU
		{216CCADF-F58F-485F-8959-11816528315C}.Debug|x64.Build.0 = Debug|Any CPU
		{216CCADF-F58F-485F-8959-11816528315C}.Debug|x86.ActiveCfg = Debug|Any CPU
		{216CCADF-F58F-485F-8959-11816528315C}.Debug|x86.Build.0 = Debug|Any CPU
		{216CCADF-F58F-485F-8959-11816528315C}.Release|Any CPU.ActiveCfg = Release|Any CPU
		{216CCADF-F58F-485F-8959-11816528315C}.Release|Any CPU.Build.0 = Release|Any CPU
		{216CCADF-F58F-485F-8959-11816528315C}.Release|x64.ActiveCfg = Release|Any CPU
		{216CCADF-F58F-485F-8959-11816528315C}.Release|x64.Build.0 = Release|Any CPU
		{216CCADF-F58F-485F-8959-11816528315C}.Release|x86.ActiveCfg = Release|Any CPU
		{216CCADF-F58F-485F-8959-11816528315C}.Release|x86.Build.0 = Release|Any CPU
		{D44B0410-4DCA-4966-B147-73934B3A5B6B}.Debug|Any CPU.ActiveCfg = Debug|Any CPU
		{D44B0410-4DCA-4966-B147-73934B3A5B6B}.Debug|Any CPU.Build.0 = Debug|Any CPU
		{D44B0410-4DCA-4966-B147-73934B3A5B6B}.Debug|x64.ActiveCfg = Debug|Any CPU
		{D44B0410-4DCA-4966-B147-73934B3A5B6B}.Debug|x64.Build.0 = Debug|Any CPU
		{D44B0410-4DCA-4966-B147-73934B3A5B6B}.Debug|x86.ActiveCfg = Debug|Any CPU
		{D44B0410-4DCA-4966-B147-73934B3A5B6B}.Debug|x86.Build.0 = Debug|Any CPU
		{D44B0410-4DCA-4966-B147-73934B3A5B6B}.Release|Any CPU.ActiveCfg = Release|Any CPU
		{D44B0410-4DCA-4966-B147-73934B3A5B6B}.Release|Any CPU.Build.0 = Release|Any CPU
		{D44B0410-4DCA-4966-B147-73934B3A5B6B}.Release|x64.ActiveCfg = Release|Any CPU
		{D44B0410-4DCA-4966-B147-73934B3A5B6B}.Release|x64.Build.0 = Release|Any CPU
		{D44B0410-4DCA-4966-B147-73934B3A5B6B}.Release|x86.ActiveCfg = Release|Any CPU
		{D44B0410-4DCA-4966-B147-73934B3A5B6B}.Release|x86.Build.0 = Release|Any CPU
		{F609A3BB-AD36-453C-BE04-ED596D86DB7E}.Debug|Any CPU.ActiveCfg = Debug|Any CPU
		{F609A3BB-AD36-453C-BE04-ED596D86DB7E}.Debug|Any CPU.Build.0 = Debug|Any CPU
		{F609A3BB-AD36-453C-BE04-ED596D86DB7E}.Debug|x64.ActiveCfg = Debug|Any CPU
		{F609A3BB-AD36-453C-BE04-ED596D86DB7E}.Debug|x64.Build.0 = Debug|Any CPU
		{F609A3BB-AD36-453C-BE04-ED596D86DB7E}.Debug|x86.ActiveCfg = Debug|Any CPU
		{F609A3BB-AD36-453C-BE04-ED596D86DB7E}.Debug|x86.Build.0 = Debug|Any CPU
		{F609A3BB-AD36-453C-BE04-ED596D86DB7E}.Release|Any CPU.ActiveCfg = Release|Any CPU
		{F609A3BB-AD36-453C-BE04-ED596D86DB7E}.Release|Any CPU.Build.0 = Release|Any CPU
		{F609A3BB-AD36-453C-BE04-ED596D86DB7E}.Release|x64.ActiveCfg = Release|Any CPU
		{F609A3BB-AD36-453C-BE04-ED596D86DB7E}.Release|x64.Build.0 = Release|Any CPU
		{F609A3BB-AD36-453C-BE04-ED596D86DB7E}.Release|x86.ActiveCfg = Release|Any CPU
		{F609A3BB-AD36-453C-BE04-ED596D86DB7E}.Release|x86.Build.0 = Release|Any CPU
		{228BB281-BEDB-4D5F-A182-F3CB5CCC11F6}.Debug|Any CPU.ActiveCfg = Debug|Any CPU
		{228BB281-BEDB-4D5F-A182-F3CB5CCC11F6}.Debug|Any CPU.Build.0 = Debug|Any CPU
		{228BB281-BEDB-4D5F-A182-F3CB5CCC11F6}.Debug|x64.ActiveCfg = Debug|Any CPU
		{228BB281-BEDB-4D5F-A182-F3CB5CCC11F6}.Debug|x64.Build.0 = Debug|Any CPU
		{228BB281-BEDB-4D5F-A182-F3CB5CCC11F6}.Debug|x86.ActiveCfg = Debug|Any CPU
		{228BB281-BEDB-4D5F-A182-F3CB5CCC11F6}.Debug|x86.Build.0 = Debug|Any CPU
		{228BB281-BEDB-4D5F-A182-F3CB5CCC11F6}.Release|Any CPU.ActiveCfg = Release|Any CPU
		{228BB281-BEDB-4D5F-A182-F3CB5CCC11F6}.Release|Any CPU.Build.0 = Release|Any CPU
		{228BB281-BEDB-4D5F-A182-F3CB5CCC11F6}.Release|x64.ActiveCfg = Release|Any CPU
		{228BB281-BEDB-4D5F-A182-F3CB5CCC11F6}.Release|x64.Build.0 = Release|Any CPU
		{228BB281-BEDB-4D5F-A182-F3CB5CCC11F6}.Release|x86.ActiveCfg = Release|Any CPU
		{228BB281-BEDB-4D5F-A182-F3CB5CCC11F6}.Release|x86.Build.0 = Release|Any CPU
		{A419AAEA-440B-41B4-BB97-C0D23CD0A421}.Debug|Any CPU.ActiveCfg = Debug|Any CPU
		{A419AAEA-440B-41B4-BB97-C0D23CD0A421}.Debug|Any CPU.Build.0 = Debug|Any CPU
		{A419AAEA-440B-41B4-BB97-C0D23CD0A421}.Debug|x64.ActiveCfg = Debug|Any CPU
		{A419AAEA-440B-41B4-BB97-C0D23CD0A421}.Debug|x64.Build.0 = Debug|Any CPU
		{A419AAEA-440B-41B4-BB97-C0D23CD0A421}.Debug|x86.ActiveCfg = Debug|Any CPU
		{A419AAEA-440B-41B4-BB97-C0D23CD0A421}.Debug|x86.Build.0 = Debug|Any CPU
		{A419AAEA-440B-41B4-BB97-C0D23CD0A421}.Release|Any CPU.ActiveCfg = Release|Any CPU
		{A419AAEA-440B-41B4-BB97-C0D23CD0A421}.Release|Any CPU.Build.0 = Release|Any CPU
		{A419AAEA-440B-41B4-BB97-C0D23CD0A421}.Release|x64.ActiveCfg = Release|Any CPU
		{A419AAEA-440B-41B4-BB97-C0D23CD0A421}.Release|x64.Build.0 = Release|Any CPU
		{A419AAEA-440B-41B4-BB97-C0D23CD0A421}.Release|x86.ActiveCfg = Release|Any CPU
		{A419AAEA-440B-41B4-BB97-C0D23CD0A421}.Release|x86.Build.0 = Release|Any CPU
		{F6D630A5-4E34-4AE6-A343-1978FF6D329E}.Debug|Any CPU.ActiveCfg = Debug|Any CPU
		{F6D630A5-4E34-4AE6-A343-1978FF6D329E}.Debug|Any CPU.Build.0 = Debug|Any CPU
		{F6D630A5-4E34-4AE6-A343-1978FF6D329E}.Debug|x64.ActiveCfg = Debug|Any CPU
		{F6D630A5-4E34-4AE6-A343-1978FF6D329E}.Debug|x64.Build.0 = Debug|Any CPU
		{F6D630A5-4E34-4AE6-A343-1978FF6D329E}.Debug|x86.ActiveCfg = Debug|Any CPU
		{F6D630A5-4E34-4AE6-A343-1978FF6D329E}.Debug|x86.Build.0 = Debug|Any CPU
		{F6D630A5-4E34-4AE6-A343-1978FF6D329E}.Release|Any CPU.ActiveCfg = Release|Any CPU
		{F6D630A5-4E34-4AE6-A343-1978FF6D329E}.Release|Any CPU.Build.0 = Release|Any CPU
		{F6D630A5-4E34-4AE6-A343-1978FF6D329E}.Release|x64.ActiveCfg = Release|Any CPU
		{F6D630A5-4E34-4AE6-A343-1978FF6D329E}.Release|x64.Build.0 = Release|Any CPU
		{F6D630A5-4E34-4AE6-A343-1978FF6D329E}.Release|x86.ActiveCfg = Release|Any CPU
		{F6D630A5-4E34-4AE6-A343-1978FF6D329E}.Release|x86.Build.0 = Release|Any CPU
		{C93BB309-CCE0-4D7D-B301-CC8C920A7EF7}.Debug|Any CPU.ActiveCfg = Debug|Any CPU
		{C93BB309-CCE0-4D7D-B301-CC8C920A7EF7}.Debug|Any CPU.Build.0 = Debug|Any CPU
		{C93BB309-CCE0-4D7D-B301-CC8C920A7EF7}.Debug|x64.ActiveCfg = Debug|Any CPU
		{C93BB309-CCE0-4D7D-B301-CC8C920A7EF7}.Debug|x64.Build.0 = Debug|Any CPU
		{C93BB309-CCE0-4D7D-B301-CC8C920A7EF7}.Debug|x86.ActiveCfg = Debug|Any CPU
		{C93BB309-CCE0-4D7D-B301-CC8C920A7EF7}.Debug|x86.Build.0 = Debug|Any CPU
		{C93BB309-CCE0-4D7D-B301-CC8C920A7EF7}.Release|Any CPU.ActiveCfg = Release|Any CPU
		{C93BB309-CCE0-4D7D-B301-CC8C920A7EF7}.Release|Any CPU.Build.0 = Release|Any CPU
		{C93BB309-CCE0-4D7D-B301-CC8C920A7EF7}.Release|x64.ActiveCfg = Release|Any CPU
		{C93BB309-CCE0-4D7D-B301-CC8C920A7EF7}.Release|x64.Build.0 = Release|Any CPU
		{C93BB309-CCE0-4D7D-B301-CC8C920A7EF7}.Release|x86.ActiveCfg = Release|Any CPU
		{C93BB309-CCE0-4D7D-B301-CC8C920A7EF7}.Release|x86.Build.0 = Release|Any CPU
		{CB0F717D-B2BE-4C64-9501-C2E3AFC2AB04}.Debug|Any CPU.ActiveCfg = Debug|Any CPU
		{CB0F717D-B2BE-4C64-9501-C2E3AFC2AB04}.Debug|Any CPU.Build.0 = Debug|Any CPU
		{CB0F717D-B2BE-4C64-9501-C2E3AFC2AB04}.Debug|x64.ActiveCfg = Debug|Any CPU
		{CB0F717D-B2BE-4C64-9501-C2E3AFC2AB04}.Debug|x64.Build.0 = Debug|Any CPU
		{CB0F717D-B2BE-4C64-9501-C2E3AFC2AB04}.Debug|x86.ActiveCfg = Debug|Any CPU
		{CB0F717D-B2BE-4C64-9501-C2E3AFC2AB04}.Debug|x86.Build.0 = Debug|Any CPU
		{CB0F717D-B2BE-4C64-9501-C2E3AFC2AB04}.Release|Any CPU.ActiveCfg = Release|Any CPU
		{CB0F717D-B2BE-4C64-9501-C2E3AFC2AB04}.Release|Any CPU.Build.0 = Release|Any CPU
		{CB0F717D-B2BE-4C64-9501-C2E3AFC2AB04}.Release|x64.ActiveCfg = Release|Any CPU
		{CB0F717D-B2BE-4C64-9501-C2E3AFC2AB04}.Release|x64.Build.0 = Release|Any CPU
		{CB0F717D-B2BE-4C64-9501-C2E3AFC2AB04}.Release|x86.ActiveCfg = Release|Any CPU
		{CB0F717D-B2BE-4C64-9501-C2E3AFC2AB04}.Release|x86.Build.0 = Release|Any CPU
		{CA97E2BB-0461-4E86-B58E-27FCDF9FC2D5}.Debug|Any CPU.ActiveCfg = Debug|Any CPU
		{CA97E2BB-0461-4E86-B58E-27FCDF9FC2D5}.Debug|Any CPU.Build.0 = Debug|Any CPU
		{CA97E2BB-0461-4E86-B58E-27FCDF9FC2D5}.Debug|x64.ActiveCfg = Debug|Any CPU
		{CA97E2BB-0461-4E86-B58E-27FCDF9FC2D5}.Debug|x64.Build.0 = Debug|Any CPU
		{CA97E2BB-0461-4E86-B58E-27FCDF9FC2D5}.Debug|x86.ActiveCfg = Debug|Any CPU
		{CA97E2BB-0461-4E86-B58E-27FCDF9FC2D5}.Debug|x86.Build.0 = Debug|Any CPU
		{CA97E2BB-0461-4E86-B58E-27FCDF9FC2D5}.Release|Any CPU.ActiveCfg = Release|Any CPU
		{CA97E2BB-0461-4E86-B58E-27FCDF9FC2D5}.Release|Any CPU.Build.0 = Release|Any CPU
		{CA97E2BB-0461-4E86-B58E-27FCDF9FC2D5}.Release|x64.ActiveCfg = Release|Any CPU
		{CA97E2BB-0461-4E86-B58E-27FCDF9FC2D5}.Release|x64.Build.0 = Release|Any CPU
		{CA97E2BB-0461-4E86-B58E-27FCDF9FC2D5}.Release|x86.ActiveCfg = Release|Any CPU
		{CA97E2BB-0461-4E86-B58E-27FCDF9FC2D5}.Release|x86.Build.0 = Release|Any CPU
		{44E14A06-CE56-44CF-B90C-33B9FBEFC03D}.Debug|Any CPU.ActiveCfg = Debug|Any CPU
		{44E14A06-CE56-44CF-B90C-33B9FBEFC03D}.Debug|Any CPU.Build.0 = Debug|Any CPU
		{44E14A06-CE56-44CF-B90C-33B9FBEFC03D}.Debug|x64.ActiveCfg = Debug|Any CPU
		{44E14A06-CE56-44CF-B90C-33B9FBEFC03D}.Debug|x64.Build.0 = Debug|Any CPU
		{44E14A06-CE56-44CF-B90C-33B9FBEFC03D}.Debug|x86.ActiveCfg = Debug|Any CPU
		{44E14A06-CE56-44CF-B90C-33B9FBEFC03D}.Debug|x86.Build.0 = Debug|Any CPU
		{44E14A06-CE56-44CF-B90C-33B9FBEFC03D}.Release|Any CPU.ActiveCfg = Release|Any CPU
		{44E14A06-CE56-44CF-B90C-33B9FBEFC03D}.Release|Any CPU.Build.0 = Release|Any CPU
		{44E14A06-CE56-44CF-B90C-33B9FBEFC03D}.Release|x64.ActiveCfg = Release|Any CPU
		{44E14A06-CE56-44CF-B90C-33B9FBEFC03D}.Release|x64.Build.0 = Release|Any CPU
		{44E14A06-CE56-44CF-B90C-33B9FBEFC03D}.Release|x86.ActiveCfg = Release|Any CPU
		{44E14A06-CE56-44CF-B90C-33B9FBEFC03D}.Release|x86.Build.0 = Release|Any CPU
	EndGlobalSection
	GlobalSection(SolutionProperties) = preSolution
		HideSolutionNode = FALSE
	EndGlobalSection
	GlobalSection(NestedProjects) = preSolution
		{FCA01246-F2C6-0AA7-D43F-FD13BE0B9D88} = {827E0CD3-B72D-47B6-A68D-7590B98EB39B}
		{2B3C862F-71A1-4293-B9F3-CAF42A4BC2B5} = {FCA01246-F2C6-0AA7-D43F-FD13BE0B9D88}
		{984BB9B3-3FA3-BE33-9484-CAC21695A33C} = {827E0CD3-B72D-47B6-A68D-7590B98EB39B}
		{1BFC9479-12BF-35C3-06B8-42D89D95092B} = {984BB9B3-3FA3-BE33-9484-CAC21695A33C}
		{36301960-16FC-4AF7-B3CA-4D413961AEBF} = {1BFC9479-12BF-35C3-06B8-42D89D95092B}
		{ED30DF5A-6DAD-467F-B258-93D4214DED1E} = {1BFC9479-12BF-35C3-06B8-42D89D95092B}
		{33F7BC6F-24AC-42B3-8252-032A04FFBF53} = {1BFC9479-12BF-35C3-06B8-42D89D95092B}
		{D311A3D1-1E5B-4615-93E3-EF57F55E8167} = {1BFC9479-12BF-35C3-06B8-42D89D95092B}
		{CA15E31E-CB60-F235-5CDF-2E527A86A72C} = {984BB9B3-3FA3-BE33-9484-CAC21695A33C}
		{66174042-F7C6-4562-808D-0354B2566CBB} = {CA15E31E-CB60-F235-5CDF-2E527A86A72C}
		{5A1328CA-8EC2-4126-8B5E-BD4F23239F6D} = {CA15E31E-CB60-F235-5CDF-2E527A86A72C}
		{530BB523-98ED-4FA5-BA86-B375FBFC683C} = {CA15E31E-CB60-F235-5CDF-2E527A86A72C}
		{D253A816-B161-4E2D-8339-3F1CBDADC3CE} = {CA15E31E-CB60-F235-5CDF-2E527A86A72C}
		{3E6E6F63-23E6-A854-6E9D-46716871AD59} = {984BB9B3-3FA3-BE33-9484-CAC21695A33C}
		{E7868412-CC32-48B4-B381-95486AA68C83} = {3E6E6F63-23E6-A854-6E9D-46716871AD59}
		{7F978F8A-CDAE-476A-BBC2-18E56FE7C885} = {3E6E6F63-23E6-A854-6E9D-46716871AD59}
		{5DE0C425-F1AF-4C31-BE25-F5F3C67BF58B} = {3E6E6F63-23E6-A854-6E9D-46716871AD59}
		{E2F5679C-D468-4043-B810-6FC6750BB4CB} = {3E6E6F63-23E6-A854-6E9D-46716871AD59}
		{D2D93332-25A4-0543-C68E-D6580A3EEF57} = {984BB9B3-3FA3-BE33-9484-CAC21695A33C}
		{30321D37-EB98-49BF-813C-4245D36109AD} = {D2D93332-25A4-0543-C68E-D6580A3EEF57}
		{AA348073-F9A1-4B9D-A25D-7882C28A94C2} = {D2D93332-25A4-0543-C68E-D6580A3EEF57}
		{652D682A-7EFE-4F47-BFEE-8D8A046BA8B8} = {D2D93332-25A4-0543-C68E-D6580A3EEF57}
		{BCFF4457-3480-49AC-8A88-F97A0DE1B4F1} = {D2D93332-25A4-0543-C68E-D6580A3EEF57}
		{0FA57ADF-2B5C-5DC9-C6B3-EADF206C24CE} = {984BB9B3-3FA3-BE33-9484-CAC21695A33C}
		{3D480FA7-034E-4331-B3D8-7DB668B2DA5A} = {0FA57ADF-2B5C-5DC9-C6B3-EADF206C24CE}
		{4F421BCB-E465-48D7-8106-B9856166C14C} = {0FA57ADF-2B5C-5DC9-C6B3-EADF206C24CE}
		{A142AD2D-C92D-4830-A5D0-DD25F906C6F9} = {0FA57ADF-2B5C-5DC9-C6B3-EADF206C24CE}
		{DE5EF8A5-B466-4E0D-95C3-096115427D14} = {0FA57ADF-2B5C-5DC9-C6B3-EADF206C24CE}
		{BB77F832-879F-00F9-E108-00944EDB87D8} = {984BB9B3-3FA3-BE33-9484-CAC21695A33C}
		{4359106C-DDAE-4FAE-95C2-96C0B7CB16AD} = {BB77F832-879F-00F9-E108-00944EDB87D8}
		{DF728F76-CE89-44F8-89AA-880514151C19} = {BB77F832-879F-00F9-E108-00944EDB87D8}
		{0B04A531-D058-42DB-842D-72A93EC5A9F3} = {BB77F832-879F-00F9-E108-00944EDB87D8}
		{A6233530-2CFE-4A67-ABE1-0F60BE6AC907} = {BB77F832-879F-00F9-E108-00944EDB87D8}
		{40B59F69-022F-A9EE-E3B7-096C1E81294B} = {984BB9B3-3FA3-BE33-9484-CAC21695A33C}
		{BDE2BBCB-0044-4545-A102-24804622FDB4} = {40B59F69-022F-A9EE-E3B7-096C1E81294B}
		{216CCADF-F58F-485F-8959-11816528315C} = {40B59F69-022F-A9EE-E3B7-096C1E81294B}
		{D44B0410-4DCA-4966-B147-73934B3A5B6B} = {40B59F69-022F-A9EE-E3B7-096C1E81294B}
		{F609A3BB-AD36-453C-BE04-ED596D86DB7E} = {40B59F69-022F-A9EE-E3B7-096C1E81294B}
		{C8E42992-5E42-0C2B-DBFE-AA848D06431C} = {827E0CD3-B72D-47B6-A68D-7590B98EB39B}
		{228BB281-BEDB-4D5F-A182-F3CB5CCC11F6} = {C8E42992-5E42-0C2B-DBFE-AA848D06431C}
		{A419AAEA-440B-41B4-BB97-C0D23CD0A421} = {C8E42992-5E42-0C2B-DBFE-AA848D06431C}
		{F6D630A5-4E34-4AE6-A343-1978FF6D329E} = {C8E42992-5E42-0C2B-DBFE-AA848D06431C}
		{C93BB309-CCE0-4D7D-B301-CC8C920A7EF7} = {0AB3BF05-4346-4AA6-1389-037BE0695223}
		{CB0F717D-B2BE-4C64-9501-C2E3AFC2AB04} = {0AB3BF05-4346-4AA6-1389-037BE0695223}
		{CA97E2BB-0461-4E86-B58E-27FCDF9FC2D5} = {0AB3BF05-4346-4AA6-1389-037BE0695223}
		{44E14A06-CE56-44CF-B90C-33B9FBEFC03D} = {0AB3BF05-4346-4AA6-1389-037BE0695223}
	EndGlobalSection
EndGlobal
